<?xml version="1.0" encoding="utf-8"?>
<Project ToolsVersion="4.0" xmlns="http://schemas.microsoft.com/developer/msbuild/2003">
  <ItemGroup>
    <ClCompile Include="game.cpp" />
    <ClCompile Include="surface.cpp">
      <Filter>template code</Filter>
    </ClCompile>
    <ClCompile Include="template.cpp">
      <Filter>template code</Filter>
    </ClCompile>
    <ClCompile Include="Player.cpp">
      <Filter>Game</Filter>
    </ClCompile>
    <ClCompile Include="ColliderBase.cpp">
      <Filter>Game\Physics\Colliders</Filter>
    </ClCompile>
    <ClCompile Include="CircleCollider.cpp">
      <Filter>Game\Physics\Colliders</Filter>
    </ClCompile>
    <ClCompile Include="SceneObject.cpp">
      <Filter>Game</Filter>
    </ClCompile>
    <ClCompile Include="BoxCollider.cpp">
      <Filter>Game\Physics\Colliders</Filter>
    </ClCompile>
    <ClCompile Include="PolygonCollider.cpp">
      <Filter>Game\Physics\Colliders</Filter>
    </ClCompile>
    <ClCompile Include="Physics.cpp">
      <Filter>Game\Physics</Filter>
    </ClCompile>
  </ItemGroup>
  <ItemGroup>
    <ClInclude Include="game.h" />
    <ClInclude Include="surface.h">
      <Filter>template code</Filter>
    </ClInclude>
    <ClInclude Include="template.h">
      <Filter>template code</Filter>
    </ClInclude>
    <ClInclude Include="Player.h">
      <Filter>Game</Filter>
    </ClInclude>
    <ClInclude Include="ColliderBase.h">
      <Filter>Game\Physics\Colliders</Filter>
    </ClInclude>
    <ClInclude Include="CircleCollider.h">
      <Filter>Game\Physics\Colliders</Filter>
    </ClInclude>
    <ClInclude Include="SceneObject.h">
      <Filter>Game</Filter>
    </ClInclude>
    <ClInclude Include="BoxCollider.h">
      <Filter>Game\Physics\Colliders</Filter>
    </ClInclude>
    <ClInclude Include="PolygonCollider.h">
      <Filter>Game\Physics\Colliders</Filter>
    </ClInclude>
    <ClInclude Include="Physics.h">
      <Filter>Game\Physics</Filter>
    </ClInclude>
  </ItemGroup>
  <ItemGroup>
    <Filter Include="template code">
      <UniqueIdentifier>{bf32dd6e-4be7-4889-8ac6-49e7ee163c40}</UniqueIdentifier>
    </Filter>
    <Filter Include="Game">
      <UniqueIdentifier>{666e1c37-6880-4193-8da2-e5c6af43056e}</UniqueIdentifier>
    </Filter>
    <Filter Include="Game\Physics">
      <UniqueIdentifier>{2efa10a4-a3c4-46bd-8809-9dab2b616259}</UniqueIdentifier>
    </Filter>
    <Filter Include="Game\Physics\Colliders">
      <UniqueIdentifier>{1e55164d-e5e2-4954-a942-c6fead99c2d3}</UniqueIdentifier>
    </Filter>
  </ItemGroup>
  <ItemGroup>
    <Text Include="_readme.txt">
      <Filter>template code</Filter>
    </Text>
  </ItemGroup>
</Project>